
Microsoft Visual Studio Solution File, Format Version 12.00
# Visual Studio Version 17
VisualStudioVersion = 17.12.35707.178
MinimumVisualStudioVersion = 10.0.40219.1
Project("{FAE04EC0-301F-11D3-BF4B-00C04F79EFBC}") = "DevFreela.API", "DevFreela.API\DevFreela.API.csproj", "{FCF2AB17-F8C1-4729-AE4A-5196C8F65C18}"
EndProject
Project("{FAE04EC0-301F-11D3-BF4B-00C04F79EFBC}") = "DevFreela.Core", "DevFreela.Core\DevFreela.Core.csproj", "{D5F3AD08-892E-4D29-96D0-12F43FB0CAD5}"
EndProject
Project("{FAE04EC0-301F-11D3-BF4B-00C04F79EFBC}") = "DevFreela.Infrastructure", "DevFreela.Infrastructure\DevFreela.Infrastructure.csproj", "{2496BA44-ED89-46CE-8A64-25A4A583195C}"
EndProject
Global
	GlobalSection(SolutionConfigurationPlatforms) = preSolution
		Debug|Any CPU = Debug|Any CPU
		Release|Any CPU = Release|Any CPU
	EndGlobalSection
	GlobalSection(ProjectConfigurationPlatforms) = postSolution
		{FCF2AB17-F8C1-4729-AE4A-5196C8F65C18}.Debug|Any CPU.ActiveCfg = Debug|Any CPU
		{FCF2AB17-F8C1-4729-AE4A-5196C8F65C18}.Debug|Any CPU.Build.0 = Debug|Any CPU
		{FCF2AB17-F8C1-4729-AE4A-5196C8F65C18}.Release|Any CPU.ActiveCfg = Release|Any CPU
		{FCF2AB17-F8C1-4729-AE4A-5196C8F65C18}.Release|Any CPU.Build.0 = Release|Any CPU
		{D5F3AD08-892E-4D29-96D0-12F43FB0CAD5}.Debug|Any CPU.ActiveCfg = Debug|Any CPU
		{D5F3AD08-892E-4D29-96D0-12F43FB0CAD5}.Debug|Any CPU.Build.0 = Debug|Any CPU
		{D5F3AD08-892E-4D29-96D0-12F43FB0CAD5}.Release|Any CPU.ActiveCfg = Release|Any CPU
		{D5F3AD08-892E-4D29-96D0-12F43FB0CAD5}.Release|Any CPU.Build.0 = Release|Any CPU
		{2496BA44-ED89-46CE-8A64-25A4A583195C}.Debug|Any CPU.ActiveCfg = Debug|Any CPU
		{2496BA44-ED89-46CE-8A64-25A4A583195C}.Debug|Any CPU.Build.0 = Debug|Any CPU
		{2496BA44-ED89-46CE-8A64-25A4A583195C}.Release|Any CPU.ActiveCfg = Release|Any CPU
		{2496BA44-ED89-46CE-8A64-25A4A583195C}.Release|Any CPU.Build.0 = Release|Any CPU
	EndGlobalSection
	GlobalSection(SolutionProperties) = preSolution
		HideSolutionNode = FALSE
	EndGlobalSection
EndGlobal
